
Microsoft Visual Studio Solution File, Format Version 12.00
# Visual Studio 15
VisualStudioVersion = 15.0.27130.2020
MinimumVisualStudioVersion = 10.0.40219.1
Project("{6EC3EE1D-3C4E-46DD-8F32-0CC8E7565705}") = "PesquisaDDD", "PesquisaDDD.fsproj", "{E5B54CCA-61C6-44F3-92AE-6A5A85C23E9C}"
EndProject
Global
	GlobalSection(SolutionConfigurationPlatforms) = preSolution
		Debug|Any CPU = Debug|Any CPU
		Release|Any CPU = Release|Any CPU
	EndGlobalSection
	GlobalSection(ProjectConfigurationPlatforms) = postSolution
		{E5B54CCA-61C6-44F3-92AE-6A5A85C23E9C}.Debug|Any CPU.ActiveCfg = Debug|Any CPU
		{E5B54CCA-61C6-44F3-92AE-6A5A85C23E9C}.Debug|Any CPU.Build.0 = Debug|Any CPU
		{E5B54CCA-61C6-44F3-92AE-6A5A85C23E9C}.Release|Any CPU.ActiveCfg = Release|Any CPU
		{E5B54CCA-61C6-44F3-92AE-6A5A85C23E9C}.Release|Any CPU.Build.0 = Release|Any CPU
	EndGlobalSection
	GlobalSection(SolutionProperties) = preSolution
		HideSolutionNode = FALSE
	EndGlobalSection
	GlobalSection(ExtensibilityGlobals) = postSolution
		SolutionGuid = {B3AC63E0-1A8C-4025-8446-4F53FF372301}
	EndGlobalSection
EndGlobal
